
Microsoft Visual Studio Solution File, Format Version 12.00
# Visual Studio Version 16
VisualStudioVersion = 16.0.31515.178
MinimumVisualStudioVersion = 10.0.40219.1
Project("{FAE04EC0-301F-11D3-BF4B-00C04F79EFBC}") = "AbstructFactory_DesignMode", "MazeGame\AbstructFactory_DesignMode.csproj", "{0AA0D405-6752-4A95-BF6F-7293B6F7260D}"
EndProject
Project("{FAE04EC0-301F-11D3-BF4B-00C04F79EFBC}") = "Adapter_DesignMode", "AdapterDesignMode\Adapter_DesignMode.csproj", "{C8787D10-2B90-40B5-9AAA-D360B8758977}"
EndProject
Project("{FAE04EC0-301F-11D3-BF4B-00C04F79EFBC}") = "Bridge_DesignMode", "Bridge_DesignMode\Bridge_DesignMode.csproj", "{21449DB6-332A-4CB8-969D-86F769E737F1}"
EndProject
Project("{FAE04EC0-301F-11D3-BF4B-00C04F79EFBC}") = "Composite_DesignMode", "Composite_DesignMode\Composite_DesignMode.csproj", "{A65684B1-633E-4A9E-9DEF-8439636284A9}"
EndProject
Project("{FAE04EC0-301F-11D3-BF4B-00C04F79EFBC}") = "Decorator_DesignPatterns", "Component_DesignPatterns\Decorator_DesignPatterns.csproj", "{C2503C8F-48B4-4AC1-A052-48E487C03520}"
EndProject
Project("{FAE04EC0-301F-11D3-BF4B-00C04F79EFBC}") = "Facade_Patterns", "Facade_Patterns\Facade_Patterns.csproj", "{108EC728-58CC-44AF-A044-D8DC58B30438}"
EndProject
Project("{FAE04EC0-301F-11D3-BF4B-00C04F79EFBC}") = "Flyweight_patterns", "Flyweight_patterns\Flyweight_patterns.csproj", "{5B97AF98-2C37-41A9-BEA9-35988AB0CA8F}"
EndProject
Project("{FAE04EC0-301F-11D3-BF4B-00C04F79EFBC}") = "Proxy_patterns", "Proxy_patterns\Proxy_patterns.csproj", "{1BC66E3A-30BE-4108-9517-87F40ED00058}"
EndProject
Project("{2150E333-8FDC-42A3-9474-1A3956D46DE8}") = "Creational", "Creational", "{27CC1980-28BE-4C06-9791-271322B527E8}"
EndProject
Project("{2150E333-8FDC-42A3-9474-1A3956D46DE8}") = "Structural", "Structural", "{E61CB9EF-33C3-42E5-AB21-F77995AA4060}"
EndProject
Project("{2150E333-8FDC-42A3-9474-1A3956D46DE8}") = "Behavioral", "Behavioral", "{344204F7-74BC-42F7-962E-3EBBCC96DA86}"
EndProject
Project("{FAE04EC0-301F-11D3-BF4B-00C04F79EFBC}") = "ResponsibilityPattern", "ResponsibilityPattern\ResponsibilityPattern.csproj", "{41BEAC2B-00E7-4D4F-B33D-4B48CE9DA694}"
EndProject
Project("{FAE04EC0-301F-11D3-BF4B-00C04F79EFBC}") = "CommandPattern", "ConmmandPattern\CommandPattern.csproj", "{B4CA14A0-92AA-4271-9FB6-F1AD850AFB6F}"
EndProject
Project("{FAE04EC0-301F-11D3-BF4B-00C04F79EFBC}") = "IteratorPattern", "IteratorPattern\IteratorPattern.csproj", "{4C3B1DE9-C44E-4A33-A5AF-4BF131B090FB}"
EndProject
Project("{FAE04EC0-301F-11D3-BF4B-00C04F79EFBC}") = "MediatorPattern", "MediatorPattern\MediatorPattern.csproj", "{E4FE2F06-EBB8-4C38-98BD-FE2EF50476B4}"
EndProject
Project("{FAE04EC0-301F-11D3-BF4B-00C04F79EFBC}") = "MementoPattern", "MementoPattern\MementoPattern.csproj", "{C1A5F8DB-CE6A-45E2-924B-A6EADECCDED5}"
EndProject
Project("{FAE04EC0-301F-11D3-BF4B-00C04F79EFBC}") = "ObserverPattern", "ObserverPattern\ObserverPattern.csproj", "{C296407D-634C-401F-8D63-62D29BA123AE}"
EndProject
Project("{FAE04EC0-301F-11D3-BF4B-00C04F79EFBC}") = "StatePattern", "StatePattern\StatePattern.csproj", "{14DBB3F6-2A2F-4F03-89C6-9203F6FFA632}"
EndProject
Project("{FAE04EC0-301F-11D3-BF4B-00C04F79EFBC}") = "StrategyPattern", "StrategyPattern\StrategyPattern.csproj", "{774F531D-C3D1-4A93-9503-BE4A38C4705C}"
EndProject
Project("{FAE04EC0-301F-11D3-BF4B-00C04F79EFBC}") = "TemplateMethodPattern", "TemplateMethodPattern\TemplateMethodPattern.csproj", "{51C2818A-D4EA-4524-A9F8-388EABAEAE3A}"
EndProject
Project("{FAE04EC0-301F-11D3-BF4B-00C04F79EFBC}") = "VistorPattern", "VistorPattern\VistorPattern.csproj", "{8EF43DFC-7563-4867-8EEB-1BADA169CCB7}"
EndProject
Project("{2150E333-8FDC-42A3-9474-1A3956D46DE8}") = "NewDesignMode", "NewDesignMode", "{D0887913-342C-4104-8FA7-64E35568E48A}"
EndProject
Project("{2150E333-8FDC-42A3-9474-1A3956D46DE8}") = "Create", "Create", "{0A2EAAFC-B90D-44FF-AD14-4B29BFF61419}"
EndProject
Project("{9A19103F-16F7-4668-BE54-9A1E7A4F7556}") = "FactoryMethod", "FactoryMethod\FactoryMethod.csproj", "{84A054EF-D299-4A5D-AD22-EEAAD7F7E7F8}"
EndProject
Project("{9A19103F-16F7-4668-BE54-9A1E7A4F7556}") = "BuilderMode", "BuilderMode\BuilderMode.csproj", "{2BF439B4-181B-4607-9A0C-E118D18F05E8}"
EndProject
Project("{9A19103F-16F7-4668-BE54-9A1E7A4F7556}") = "AbstractFactory", "AbstractFactory\AbstractFactory.csproj", "{3C824E62-3A89-411E-81DF-552A113560AA}"
EndProject
Project("{2150E333-8FDC-42A3-9474-1A3956D46DE8}") = "Struct", "Struct", "{C2CFDE73-E1C7-43D6-9B03-B2A8AD14BC21}"
EndProject
Project("{9A19103F-16F7-4668-BE54-9A1E7A4F7556}") = "AdapterMode", "AdapterMode\AdapterMode.csproj", "{1CA2E2CF-DC60-4BC2-A41D-6EC20E1CB5B6}"
EndProject
Project("{9A19103F-16F7-4668-BE54-9A1E7A4F7556}") = "BridgeMode", "BridgeMode\BridgeMode.csproj", "{3EA7A7A2-D94A-43FB-AD19-2F5D1DE21511}"
EndProject
Project("{9A19103F-16F7-4668-BE54-9A1E7A4F7556}") = "CompositeMode", "CompositeMode\CompositeMode.csproj", "{FA3E1D2E-6303-420C-ACB6-592F731F1DC8}"
EndProject
Project("{9A19103F-16F7-4668-BE54-9A1E7A4F7556}") = "DecoratorMode", "DecoratorMode\DecoratorMode.csproj", "{922A1895-883E-459F-A1A6-6CDA6B437EF4}"
EndProject
Project("{9A19103F-16F7-4668-BE54-9A1E7A4F7556}") = "FacadeMode", "FacadeMode\FacadeMode.csproj", "{761A2779-78FC-470A-A266-B4DF78EFF2C4}"
EndProject
Project("{9A19103F-16F7-4668-BE54-9A1E7A4F7556}") = "Flyweight", "Flyweight\Flyweight.csproj", "{3773DDCF-B7DC-4C38-B5FF-60931418050D}"
EndProject
Project("{9A19103F-16F7-4668-BE54-9A1E7A4F7556}") = "ProxyMode", "ProxyMode\ProxyMode.csproj", "{73CA8AD8-295B-498D-A37A-26E76EC18DBE}"
EndProject
Project("{2150E333-8FDC-42A3-9474-1A3956D46DE8}") = "Begavioral", "Begavioral", "{8847BEF1-F27E-49D5-93E9-E7341DC14DBA}"
EndProject
Project("{9A19103F-16F7-4668-BE54-9A1E7A4F7556}") = "ChainOfResponsibilityMode", "ChainOfResponsibilityMode\ChainOfResponsibilityMode.csproj", "{A82D7352-B9E8-4068-9B5D-ABA7516889B8}"
EndProject
Project("{9A19103F-16F7-4668-BE54-9A1E7A4F7556}") = "CommandMode", "CommandMode\CommandMode.csproj", "{1C21BF59-785C-4C74-B28D-3E00AB8E8D74}"
EndProject
Project("{9A19103F-16F7-4668-BE54-9A1E7A4F7556}") = "IteartorMode", "IteartorMode\IteartorMode.csproj", "{058E045B-02ED-44E7-B5A8-834DA9F10FE0}"
EndProject
Project("{9A19103F-16F7-4668-BE54-9A1E7A4F7556}") = "MediatorMode", "MediatorMode\MediatorMode.csproj", "{A4CE037B-AEFC-4B3F-A0AF-36413532AD70}"
EndProject
Project("{FAE04EC0-301F-11D3-BF4B-00C04F79EFBC}") = "MementoMode", "MementoMode\MementoMode.csproj", "{ABAE8994-562D-4BEE-B835-E276362D35D2}"
EndProject
Global
	GlobalSection(SolutionConfigurationPlatforms) = preSolution
		Debug|Any CPU = Debug|Any CPU
		Release|Any CPU = Release|Any CPU
	EndGlobalSection
	GlobalSection(ProjectConfigurationPlatforms) = postSolution
		{0AA0D405-6752-4A95-BF6F-7293B6F7260D}.Debug|Any CPU.ActiveCfg = Debug|Any CPU
		{0AA0D405-6752-4A95-BF6F-7293B6F7260D}.Debug|Any CPU.Build.0 = Debug|Any CPU
		{0AA0D405-6752-4A95-BF6F-7293B6F7260D}.Release|Any CPU.ActiveCfg = Release|Any CPU
		{0AA0D405-6752-4A95-BF6F-7293B6F7260D}.Release|Any CPU.Build.0 = Release|Any CPU
		{C8787D10-2B90-40B5-9AAA-D360B8758977}.Debug|Any CPU.ActiveCfg = Debug|Any CPU
		{C8787D10-2B90-40B5-9AAA-D360B8758977}.Debug|Any CPU.Build.0 = Debug|Any CPU
		{C8787D10-2B90-40B5-9AAA-D360B8758977}.Release|Any CPU.ActiveCfg = Release|Any CPU
		{C8787D10-2B90-40B5-9AAA-D360B8758977}.Release|Any CPU.Build.0 = Release|Any CPU
		{21449DB6-332A-4CB8-969D-86F769E737F1}.Debug|Any CPU.ActiveCfg = Debug|Any CPU
		{21449DB6-332A-4CB8-969D-86F769E737F1}.Debug|Any CPU.Build.0 = Debug|Any CPU
		{21449DB6-332A-4CB8-969D-86F769E737F1}.Release|Any CPU.ActiveCfg = Release|Any CPU
		{21449DB6-332A-4CB8-969D-86F769E737F1}.Release|Any CPU.Build.0 = Release|Any CPU
		{A65684B1-633E-4A9E-9DEF-8439636284A9}.Debug|Any CPU.ActiveCfg = Debug|Any CPU
		{A65684B1-633E-4A9E-9DEF-8439636284A9}.Debug|Any CPU.Build.0 = Debug|Any CPU
		{A65684B1-633E-4A9E-9DEF-8439636284A9}.Release|Any CPU.ActiveCfg = Release|Any CPU
		{A65684B1-633E-4A9E-9DEF-8439636284A9}.Release|Any CPU.Build.0 = Release|Any CPU
		{C2503C8F-48B4-4AC1-A052-48E487C03520}.Debug|Any CPU.ActiveCfg = Debug|Any CPU
		{C2503C8F-48B4-4AC1-A052-48E487C03520}.Debug|Any CPU.Build.0 = Debug|Any CPU
		{C2503C8F-48B4-4AC1-A052-48E487C03520}.Release|Any CPU.ActiveCfg = Release|Any CPU
		{C2503C8F-48B4-4AC1-A052-48E487C03520}.Release|Any CPU.Build.0 = Release|Any CPU
		{108EC728-58CC-44AF-A044-D8DC58B30438}.Debug|Any CPU.ActiveCfg = Debug|Any CPU
		{108EC728-58CC-44AF-A044-D8DC58B30438}.Debug|Any CPU.Build.0 = Debug|Any CPU
		{108EC728-58CC-44AF-A044-D8DC58B30438}.Release|Any CPU.ActiveCfg = Release|Any CPU
		{108EC728-58CC-44AF-A044-D8DC58B30438}.Release|Any CPU.Build.0 = Release|Any CPU
		{5B97AF98-2C37-41A9-BEA9-35988AB0CA8F}.Debug|Any CPU.ActiveCfg = Debug|Any CPU
		{5B97AF98-2C37-41A9-BEA9-35988AB0CA8F}.Debug|Any CPU.Build.0 = Debug|Any CPU
		{5B97AF98-2C37-41A9-BEA9-35988AB0CA8F}.Release|Any CPU.ActiveCfg = Release|Any CPU
		{5B97AF98-2C37-41A9-BEA9-35988AB0CA8F}.Release|Any CPU.Build.0 = Release|Any CPU
		{1BC66E3A-30BE-4108-9517-87F40ED00058}.Debug|Any CPU.ActiveCfg = Debug|Any CPU
		{1BC66E3A-30BE-4108-9517-87F40ED00058}.Debug|Any CPU.Build.0 = Debug|Any CPU
		{1BC66E3A-30BE-4108-9517-87F40ED00058}.Release|Any CPU.ActiveCfg = Release|Any CPU
		{1BC66E3A-30BE-4108-9517-87F40ED00058}.Release|Any CPU.Build.0 = Release|Any CPU
		{41BEAC2B-00E7-4D4F-B33D-4B48CE9DA694}.Debug|Any CPU.ActiveCfg = Debug|Any CPU
		{41BEAC2B-00E7-4D4F-B33D-4B48CE9DA694}.Debug|Any CPU.Build.0 = Debug|Any CPU
		{41BEAC2B-00E7-4D4F-B33D-4B48CE9DA694}.Release|Any CPU.ActiveCfg = Release|Any CPU
		{41BEAC2B-00E7-4D4F-B33D-4B48CE9DA694}.Release|Any CPU.Build.0 = Release|Any CPU
		{B4CA14A0-92AA-4271-9FB6-F1AD850AFB6F}.Debug|Any CPU.ActiveCfg = Debug|Any CPU
		{B4CA14A0-92AA-4271-9FB6-F1AD850AFB6F}.Debug|Any CPU.Build.0 = Debug|Any CPU
		{B4CA14A0-92AA-4271-9FB6-F1AD850AFB6F}.Release|Any CPU.ActiveCfg = Release|Any CPU
		{B4CA14A0-92AA-4271-9FB6-F1AD850AFB6F}.Release|Any CPU.Build.0 = Release|Any CPU
		{4C3B1DE9-C44E-4A33-A5AF-4BF131B090FB}.Debug|Any CPU.ActiveCfg = Debug|Any CPU
		{4C3B1DE9-C44E-4A33-A5AF-4BF131B090FB}.Debug|Any CPU.Build.0 = Debug|Any CPU
		{4C3B1DE9-C44E-4A33-A5AF-4BF131B090FB}.Release|Any CPU.ActiveCfg = Release|Any CPU
		{4C3B1DE9-C44E-4A33-A5AF-4BF131B090FB}.Release|Any CPU.Build.0 = Release|Any CPU
		{E4FE2F06-EBB8-4C38-98BD-FE2EF50476B4}.Debug|Any CPU.ActiveCfg = Debug|Any CPU
		{E4FE2F06-EBB8-4C38-98BD-FE2EF50476B4}.Debug|Any CPU.Build.0 = Debug|Any CPU
		{E4FE2F06-EBB8-4C38-98BD-FE2EF50476B4}.Release|Any CPU.ActiveCfg = Release|Any CPU
		{E4FE2F06-EBB8-4C38-98BD-FE2EF50476B4}.Release|Any CPU.Build.0 = Release|Any CPU
		{C1A5F8DB-CE6A-45E2-924B-A6EADECCDED5}.Debug|Any CPU.ActiveCfg = Debug|Any CPU
		{C1A5F8DB-CE6A-45E2-924B-A6EADECCDED5}.Debug|Any CPU.Build.0 = Debug|Any CPU
		{C1A5F8DB-CE6A-45E2-924B-A6EADECCDED5}.Release|Any CPU.ActiveCfg = Release|Any CPU
		{C1A5F8DB-CE6A-45E2-924B-A6EADECCDED5}.Release|Any CPU.Build.0 = Release|Any CPU
		{C296407D-634C-401F-8D63-62D29BA123AE}.Debug|Any CPU.ActiveCfg = Debug|Any CPU
		{C296407D-634C-401F-8D63-62D29BA123AE}.Debug|Any CPU.Build.0 = Debug|Any CPU
		{C296407D-634C-401F-8D63-62D29BA123AE}.Release|Any CPU.ActiveCfg = Release|Any CPU
		{C296407D-634C-401F-8D63-62D29BA123AE}.Release|Any CPU.Build.0 = Release|Any CPU
		{14DBB3F6-2A2F-4F03-89C6-9203F6FFA632}.Debug|Any CPU.ActiveCfg = Debug|Any CPU
		{14DBB3F6-2A2F-4F03-89C6-9203F6FFA632}.Debug|Any CPU.Build.0 = Debug|Any CPU
		{14DBB3F6-2A2F-4F03-89C6-9203F6FFA632}.Release|Any CPU.ActiveCfg = Release|Any CPU
		{14DBB3F6-2A2F-4F03-89C6-9203F6FFA632}.Release|Any CPU.Build.0 = Release|Any CPU
		{774F531D-C3D1-4A93-9503-BE4A38C4705C}.Debug|Any CPU.ActiveCfg = Debug|Any CPU
		{774F531D-C3D1-4A93-9503-BE4A38C4705C}.Debug|Any CPU.Build.0 = Debug|Any CPU
		{774F531D-C3D1-4A93-9503-BE4A38C4705C}.Release|Any CPU.ActiveCfg = Release|Any CPU
		{774F531D-C3D1-4A93-9503-BE4A38C4705C}.Release|Any CPU.Build.0 = Release|Any CPU
		{51C2818A-D4EA-4524-A9F8-388EABAEAE3A}.Debug|Any CPU.ActiveCfg = Debug|Any CPU
		{51C2818A-D4EA-4524-A9F8-388EABAEAE3A}.Debug|Any CPU.Build.0 = Debug|Any CPU
		{51C2818A-D4EA-4524-A9F8-388EABAEAE3A}.Release|Any CPU.ActiveCfg = Release|Any CPU
		{51C2818A-D4EA-4524-A9F8-388EABAEAE3A}.Release|Any CPU.Build.0 = Release|Any CPU
		{8EF43DFC-7563-4867-8EEB-1BADA169CCB7}.Debug|Any CPU.ActiveCfg = Debug|Any CPU
		{8EF43DFC-7563-4867-8EEB-1BADA169CCB7}.Debug|Any CPU.Build.0 = Debug|Any CPU
		{8EF43DFC-7563-4867-8EEB-1BADA169CCB7}.Release|Any CPU.ActiveCfg = Release|Any CPU
		{8EF43DFC-7563-4867-8EEB-1BADA169CCB7}.Release|Any CPU.Build.0 = Release|Any CPU
		{84A054EF-D299-4A5D-AD22-EEAAD7F7E7F8}.Debug|Any CPU.ActiveCfg = Debug|Any CPU
		{84A054EF-D299-4A5D-AD22-EEAAD7F7E7F8}.Debug|Any CPU.Build.0 = Debug|Any CPU
		{84A054EF-D299-4A5D-AD22-EEAAD7F7E7F8}.Release|Any CPU.ActiveCfg = Release|Any CPU
		{84A054EF-D299-4A5D-AD22-EEAAD7F7E7F8}.Release|Any CPU.Build.0 = Release|Any CPU
		{2BF439B4-181B-4607-9A0C-E118D18F05E8}.Debug|Any CPU.ActiveCfg = Debug|Any CPU
		{2BF439B4-181B-4607-9A0C-E118D18F05E8}.Debug|Any CPU.Build.0 = Debug|Any CPU
		{2BF439B4-181B-4607-9A0C-E118D18F05E8}.Release|Any CPU.ActiveCfg = Release|Any CPU
		{2BF439B4-181B-4607-9A0C-E118D18F05E8}.Release|Any CPU.Build.0 = Release|Any CPU
		{3C824E62-3A89-411E-81DF-552A113560AA}.Debug|Any CPU.ActiveCfg = Debug|Any CPU
		{3C824E62-3A89-411E-81DF-552A113560AA}.Debug|Any CPU.Build.0 = Debug|Any CPU
		{3C824E62-3A89-411E-81DF-552A113560AA}.Release|Any CPU.ActiveCfg = Release|Any CPU
		{3C824E62-3A89-411E-81DF-552A113560AA}.Release|Any CPU.Build.0 = Release|Any CPU
		{1CA2E2CF-DC60-4BC2-A41D-6EC20E1CB5B6}.Debug|Any CPU.ActiveCfg = Debug|Any CPU
		{1CA2E2CF-DC60-4BC2-A41D-6EC20E1CB5B6}.Debug|Any CPU.Build.0 = Debug|Any CPU
		{1CA2E2CF-DC60-4BC2-A41D-6EC20E1CB5B6}.Release|Any CPU.ActiveCfg = Release|Any CPU
		{1CA2E2CF-DC60-4BC2-A41D-6EC20E1CB5B6}.Release|Any CPU.Build.0 = Release|Any CPU
		{3EA7A7A2-D94A-43FB-AD19-2F5D1DE21511}.Debug|Any CPU.ActiveCfg = Debug|Any CPU
		{3EA7A7A2-D94A-43FB-AD19-2F5D1DE21511}.Debug|Any CPU.Build.0 = Debug|Any CPU
		{3EA7A7A2-D94A-43FB-AD19-2F5D1DE21511}.Release|Any CPU.ActiveCfg = Release|Any CPU
		{3EA7A7A2-D94A-43FB-AD19-2F5D1DE21511}.Release|Any CPU.Build.0 = Release|Any CPU
		{FA3E1D2E-6303-420C-ACB6-592F731F1DC8}.Debug|Any CPU.ActiveCfg = Debug|Any CPU
		{FA3E1D2E-6303-420C-ACB6-592F731F1DC8}.Debug|Any CPU.Build.0 = Debug|Any CPU
		{FA3E1D2E-6303-420C-ACB6-592F731F1DC8}.Release|Any CPU.ActiveCfg = Release|Any CPU
		{FA3E1D2E-6303-420C-ACB6-592F731F1DC8}.Release|Any CPU.Build.0 = Release|Any CPU
		{922A1895-883E-459F-A1A6-6CDA6B437EF4}.Debug|Any CPU.ActiveCfg = Debug|Any CPU
		{922A1895-883E-459F-A1A6-6CDA6B437EF4}.Debug|Any CPU.Build.0 = Debug|Any CPU
		{922A1895-883E-459F-A1A6-6CDA6B437EF4}.Release|Any CPU.ActiveCfg = Release|Any CPU
		{922A1895-883E-459F-A1A6-6CDA6B437EF4}.Release|Any CPU.Build.0 = Release|Any CPU
		{761A2779-78FC-470A-A266-B4DF78EFF2C4}.Debug|Any CPU.ActiveCfg = Debug|Any CPU
		{761A2779-78FC-470A-A266-B4DF78EFF2C4}.Debug|Any CPU.Build.0 = Debug|Any CPU
		{761A2779-78FC-470A-A266-B4DF78EFF2C4}.Release|Any CPU.ActiveCfg = Release|Any CPU
		{761A2779-78FC-470A-A266-B4DF78EFF2C4}.Release|Any CPU.Build.0 = Release|Any CPU
		{3773DDCF-B7DC-4C38-B5FF-60931418050D}.Debug|Any CPU.ActiveCfg = Debug|Any CPU
		{3773DDCF-B7DC-4C38-B5FF-60931418050D}.Debug|Any CPU.Build.0 = Debug|Any CPU
		{3773DDCF-B7DC-4C38-B5FF-60931418050D}.Release|Any CPU.ActiveCfg = Release|Any CPU
		{3773DDCF-B7DC-4C38-B5FF-60931418050D}.Release|Any CPU.Build.0 = Release|Any CPU
		{73CA8AD8-295B-498D-A37A-26E76EC18DBE}.Debug|Any CPU.ActiveCfg = Debug|Any CPU
		{73CA8AD8-295B-498D-A37A-26E76EC18DBE}.Debug|Any CPU.Build.0 = Debug|Any CPU
		{73CA8AD8-295B-498D-A37A-26E76EC18DBE}.Release|Any CPU.ActiveCfg = Release|Any CPU
		{73CA8AD8-295B-498D-A37A-26E76EC18DBE}.Release|Any CPU.Build.0 = Release|Any CPU
		{A82D7352-B9E8-4068-9B5D-ABA7516889B8}.Debug|Any CPU.ActiveCfg = Debug|Any CPU
		{A82D7352-B9E8-4068-9B5D-ABA7516889B8}.Debug|Any CPU.Build.0 = Debug|Any CPU
		{A82D7352-B9E8-4068-9B5D-ABA7516889B8}.Release|Any CPU.ActiveCfg = Release|Any CPU
		{A82D7352-B9E8-4068-9B5D-ABA7516889B8}.Release|Any CPU.Build.0 = Release|Any CPU
		{1C21BF59-785C-4C74-B28D-3E00AB8E8D74}.Debug|Any CPU.ActiveCfg = Debug|Any CPU
		{1C21BF59-785C-4C74-B28D-3E00AB8E8D74}.Debug|Any CPU.Build.0 = Debug|Any CPU
		{1C21BF59-785C-4C74-B28D-3E00AB8E8D74}.Release|Any CPU.ActiveCfg = Release|Any CPU
		{1C21BF59-785C-4C74-B28D-3E00AB8E8D74}.Release|Any CPU.Build.0 = Release|Any CPU
		{058E045B-02ED-44E7-B5A8-834DA9F10FE0}.Debug|Any CPU.ActiveCfg = Debug|Any CPU
		{058E045B-02ED-44E7-B5A8-834DA9F10FE0}.Debug|Any CPU.Build.0 = Debug|Any CPU
		{058E045B-02ED-44E7-B5A8-834DA9F10FE0}.Release|Any CPU.ActiveCfg = Release|Any CPU
		{058E045B-02ED-44E7-B5A8-834DA9F10FE0}.Release|Any CPU.Build.0 = Release|Any CPU
		{A4CE037B-AEFC-4B3F-A0AF-36413532AD70}.Debug|Any CPU.ActiveCfg = Debug|Any CPU
		{A4CE037B-AEFC-4B3F-A0AF-36413532AD70}.Debug|Any CPU.Build.0 = Debug|Any CPU
		{A4CE037B-AEFC-4B3F-A0AF-36413532AD70}.Release|Any CPU.ActiveCfg = Release|Any CPU
		{A4CE037B-AEFC-4B3F-A0AF-36413532AD70}.Release|Any CPU.Build.0 = Release|Any CPU
		{ABAE8994-562D-4BEE-B835-E276362D35D2}.Debug|Any CPU.ActiveCfg = Debug|Any CPU
		{ABAE8994-562D-4BEE-B835-E276362D35D2}.Debug|Any CPU.Build.0 = Debug|Any CPU
		{ABAE8994-562D-4BEE-B835-E276362D35D2}.Release|Any CPU.ActiveCfg = Release|Any CPU
		{ABAE8994-562D-4BEE-B835-E276362D35D2}.Release|Any CPU.Build.0 = Release|Any CPU
	EndGlobalSection
	GlobalSection(SolutionProperties) = preSolution
		HideSolutionNode = FALSE
	EndGlobalSection
	GlobalSection(NestedProjects) = preSolution
		{0AA0D405-6752-4A95-BF6F-7293B6F7260D} = {27CC1980-28BE-4C06-9791-271322B527E8}
		{C8787D10-2B90-40B5-9AAA-D360B8758977} = {E61CB9EF-33C3-42E5-AB21-F77995AA4060}
		{21449DB6-332A-4CB8-969D-86F769E737F1} = {E61CB9EF-33C3-42E5-AB21-F77995AA4060}
		{A65684B1-633E-4A9E-9DEF-8439636284A9} = {E61CB9EF-33C3-42E5-AB21-F77995AA4060}
		{C2503C8F-48B4-4AC1-A052-48E487C03520} = {E61CB9EF-33C3-42E5-AB21-F77995AA4060}
		{108EC728-58CC-44AF-A044-D8DC58B30438} = {E61CB9EF-33C3-42E5-AB21-F77995AA4060}
		{5B97AF98-2C37-41A9-BEA9-35988AB0CA8F} = {E61CB9EF-33C3-42E5-AB21-F77995AA4060}
		{1BC66E3A-30BE-4108-9517-87F40ED00058} = {E61CB9EF-33C3-42E5-AB21-F77995AA4060}
		{41BEAC2B-00E7-4D4F-B33D-4B48CE9DA694} = {344204F7-74BC-42F7-962E-3EBBCC96DA86}
		{B4CA14A0-92AA-4271-9FB6-F1AD850AFB6F} = {344204F7-74BC-42F7-962E-3EBBCC96DA86}
		{4C3B1DE9-C44E-4A33-A5AF-4BF131B090FB} = {344204F7-74BC-42F7-962E-3EBBCC96DA86}
		{E4FE2F06-EBB8-4C38-98BD-FE2EF50476B4} = {344204F7-74BC-42F7-962E-3EBBCC96DA86}
		{C1A5F8DB-CE6A-45E2-924B-A6EADECCDED5} = {344204F7-74BC-42F7-962E-3EBBCC96DA86}
		{C296407D-634C-401F-8D63-62D29BA123AE} = {344204F7-74BC-42F7-962E-3EBBCC96DA86}
		{14DBB3F6-2A2F-4F03-89C6-9203F6FFA632} = {344204F7-74BC-42F7-962E-3EBBCC96DA86}
		{774F531D-C3D1-4A93-9503-BE4A38C4705C} = {344204F7-74BC-42F7-962E-3EBBCC96DA86}
		{51C2818A-D4EA-4524-A9F8-388EABAEAE3A} = {344204F7-74BC-42F7-962E-3EBBCC96DA86}
		{8EF43DFC-7563-4867-8EEB-1BADA169CCB7} = {344204F7-74BC-42F7-962E-3EBBCC96DA86}
		{0A2EAAFC-B90D-44FF-AD14-4B29BFF61419} = {D0887913-342C-4104-8FA7-64E35568E48A}
		{84A054EF-D299-4A5D-AD22-EEAAD7F7E7F8} = {0A2EAAFC-B90D-44FF-AD14-4B29BFF61419}
		{2BF439B4-181B-4607-9A0C-E118D18F05E8} = {0A2EAAFC-B90D-44FF-AD14-4B29BFF61419}
		{3C824E62-3A89-411E-81DF-552A113560AA} = {0A2EAAFC-B90D-44FF-AD14-4B29BFF61419}
		{C2CFDE73-E1C7-43D6-9B03-B2A8AD14BC21} = {D0887913-342C-4104-8FA7-64E35568E48A}
		{1CA2E2CF-DC60-4BC2-A41D-6EC20E1CB5B6} = {C2CFDE73-E1C7-43D6-9B03-B2A8AD14BC21}
		{3EA7A7A2-D94A-43FB-AD19-2F5D1DE21511} = {C2CFDE73-E1C7-43D6-9B03-B2A8AD14BC21}
		{FA3E1D2E-6303-420C-ACB6-592F731F1DC8} = {C2CFDE73-E1C7-43D6-9B03-B2A8AD14BC21}
		{922A1895-883E-459F-A1A6-6CDA6B437EF4} = {C2CFDE73-E1C7-43D6-9B03-B2A8AD14BC21}
		{761A2779-78FC-470A-A266-B4DF78EFF2C4} = {C2CFDE73-E1C7-43D6-9B03-B2A8AD14BC21}
		{3773DDCF-B7DC-4C38-B5FF-60931418050D} = {C2CFDE73-E1C7-43D6-9B03-B2A8AD14BC21}
		{73CA8AD8-295B-498D-A37A-26E76EC18DBE} = {C2CFDE73-E1C7-43D6-9B03-B2A8AD14BC21}
		{8847BEF1-F27E-49D5-93E9-E7341DC14DBA} = {D0887913-342C-4104-8FA7-64E35568E48A}
		{A82D7352-B9E8-4068-9B5D-ABA7516889B8} = {8847BEF1-F27E-49D5-93E9-E7341DC14DBA}
		{1C21BF59-785C-4C74-B28D-3E00AB8E8D74} = {8847BEF1-F27E-49D5-93E9-E7341DC14DBA}
		{058E045B-02ED-44E7-B5A8-834DA9F10FE0} = {8847BEF1-F27E-49D5-93E9-E7341DC14DBA}
		{A4CE037B-AEFC-4B3F-A0AF-36413532AD70} = {8847BEF1-F27E-49D5-93E9-E7341DC14DBA}
		{ABAE8994-562D-4BEE-B835-E276362D35D2} = {8847BEF1-F27E-49D5-93E9-E7341DC14DBA}
	EndGlobalSection
	GlobalSection(ExtensibilityGlobals) = postSolution
		SolutionGuid = {E7FE3C97-12E2-41D6-BD04-586254F0B6E3}
	EndGlobalSection
EndGlobal
